
Microsoft Visual Studio Solution File, Format Version 12.00
# Visual Studio Version 17
VisualStudioVersion = 17.3.32825.248
MinimumVisualStudioVersion = 10.0.40219.1
Project("{FAE04EC0-301F-11D3-BF4B-00C04F79EFBC}") = "lab_4", "lab_4.csproj", "{DB71EF9C-C99B-49F8-93A1-F293C532036F}"
EndProject
Global
	GlobalSection(SolutionConfigurationPlatforms) = preSolution
		Debug|Any CPU = Debug|Any CPU
		Release|Any CPU = Release|Any CPU
	EndGlobalSection
	GlobalSection(ProjectConfigurationPlatforms) = postSolution
		{DB71EF9C-C99B-49F8-93A1-F293C532036F}.Debug|Any CPU.ActiveCfg = Debug|Any CPU
		{DB71EF9C-C99B-49F8-93A1-F293C532036F}.Debug|Any CPU.Build.0 = Debug|Any CPU
		{DB71EF9C-C99B-49F8-93A1-F293C532036F}.Release|Any CPU.ActiveCfg = Release|Any CPU
		{DB71EF9C-C99B-49F8-93A1-F293C532036F}.Release|Any CPU.Build.0 = Release|Any CPU
	EndGlobalSection
	GlobalSection(SolutionProperties) = preSolution
		HideSolutionNode = FALSE
	EndGlobalSection
	GlobalSection(ExtensibilityGlobals) = postSolution
		SolutionGuid = {66B064A2-FBD8-4777-AC7F-17BBFC16E23A}
	EndGlobalSection
EndGlobal
