
Microsoft Visual Studio Solution File, Format Version 12.00
# Visual Studio Version 17
VisualStudioVersion = 17.3.32922.545
MinimumVisualStudioVersion = 10.0.40219.1
Project("{FAE04EC0-301F-11D3-BF4B-00C04F79EFBC}") = "ConsoleApp1", "ConsoleApp1\ConsoleApp1.csproj", "{3119236C-318B-481A-9E67-AB5F7C8BA54E}"
EndProject
Global
	GlobalSection(SolutionConfigurationPlatforms) = preSolution
		Debug|Any CPU = Debug|Any CPU
		Release|Any CPU = Release|Any CPU
	EndGlobalSection
	GlobalSection(ProjectConfigurationPlatforms) = postSolution
		{3119236C-318B-481A-9E67-AB5F7C8BA54E}.Debug|Any CPU.ActiveCfg = Debug|Any CPU
		{3119236C-318B-481A-9E67-AB5F7C8BA54E}.Debug|Any CPU.Build.0 = Debug|Any CPU
		{3119236C-318B-481A-9E67-AB5F7C8BA54E}.Release|Any CPU.ActiveCfg = Release|Any CPU
		{3119236C-318B-481A-9E67-AB5F7C8BA54E}.Release|Any CPU.Build.0 = Release|Any CPU
	EndGlobalSection
	GlobalSection(SolutionProperties) = preSolution
		HideSolutionNode = FALSE
	EndGlobalSection
	GlobalSection(ExtensibilityGlobals) = postSolution
		SolutionGuid = {B3311571-0304-492E-89C8-60E353B7AC1E}
	EndGlobalSection
EndGlobal
